Microsoft Visual Studio Solution File, Format Version 11.00
# Visual Studio 2008

Project("{599CE83E-6B96-7AC7-590E-A3117B65D45D}") = "RhapsodicalHero", "Assembly-CSharp-vs.csproj", "{8E9245A5-3F68-DA6A-20DA-B965AC48A46C}"
EndProject
Project("{599CE83E-6B96-7AC7-590E-A3117B65D45D}") = "RhapsodicalHero", "Assembly-CSharp-Editor-vs.csproj", "{986D5D56-5B5A-46C4-925E-D68E69C1335F}"
EndProject
Global
	GlobalSection(SolutionConfigurationPlatforms) = preSolution
		Debug|Any CPU = Debug|Any CPU
		Release|Any CPU = Release|Any CPU
	EndGlobalSection
	GlobalSection(ProjectConfigurationPlatforms) = postSolution
		{8E9245A5-3F68-DA6A-20DA-B965AC48A46C}.Debug|Any CPU.ActiveCfg = Debug|Any CPU
		{8E9245A5-3F68-DA6A-20DA-B965AC48A46C}.Debug|Any CPU.Build.0 = Debug|Any CPU
		{8E9245A5-3F68-DA6A-20DA-B965AC48A46C}.Release|Any CPU.ActiveCfg = Release|Any CPU
		{8E9245A5-3F68-DA6A-20DA-B965AC48A46C}.Release|Any CPU.Build.0 = Release|Any CPU
		{986D5D56-5B5A-46C4-925E-D68E69C1335F}.Debug|Any CPU.ActiveCfg = Debug|Any CPU
		{986D5D56-5B5A-46C4-925E-D68E69C1335F}.Debug|Any CPU.Build.0 = Debug|Any CPU
		{986D5D56-5B5A-46C4-925E-D68E69C1335F}.Release|Any CPU.ActiveCfg = Release|Any CPU
		{986D5D56-5B5A-46C4-925E-D68E69C1335F}.Release|Any CPU.Build.0 = Release|Any CPU
	EndGlobalSection
	GlobalSection(SolutionProperties) = preSolution
		HideSolutionNode = FALSE
	EndGlobalSection
																																																																																																							GlobalSection(MonoDevelopProperties) = preSolution
		StartupItem = Assembly-CSharp.csproj
		Policies = $0
		$0.TextStylePolicy = $1
		$1.inheritsSet = null
		$1.scope = text/x-csharp
		$0.CSharpFormattingPolicy = $2
		$2.inheritsSet = Mono
		$2.inheritsScope = text/x-csharp
		$2.scope = text/x-csharp
		$0.TextStylePolicy = $3
		$3.FileWidth = 120
		$3.TabWidth = 4
		$3.IndentWidth = 4
		$3.EolMarker = Unix
		$3.inheritsSet = Mono
		$3.inheritsScope = text/plain
		$3.scope = text/plain
	EndGlobalSection

EndGlobal
